<Solution>
  <Configurations>
    <Platform Name="x64" />
  </Configurations>
  <Folder Name="/App/">
    <Project Path="app/App/App.vcxproj" Id="1e0deb10-d0f0-45bc-a207-f3b28438d7a5" />
  </Folder>
  <Folder Name="/Engines/">
    <Project Path="engine/Engine.vcxproj" Id="8d69c2b4-4f39-47f0-9a40-4cb78ec442a1" />
  </Folder>
  <Folder Name="/SolutionItems/">
    <File Path=".clang-format" />
    <File Path=".editorconfig" />
  </Folder>
</Solution>
