<?xml version="1.0" encoding="utf-8"?>
<Project ToolsVersion="4.0" xmlns="http://schemas.microsoft.com/developer/msbuild/2003">
  <ItemGroup>
    <Filter Include="include">
      <UniqueIdentifier>{31a77765-44d5-4b7f-9d6f-3ac8a672913e}</UniqueIdentifier>
    </Filter>
    <Filter Include="include\editor">
      <UniqueIdentifier>{8d3d3cc9-1161-4f23-a5a2-77132a6f19df}</UniqueIdentifier>
    </Filter>
    <Filter Include="include\editor\panels">
      <UniqueIdentifier>{32d5c4c8-9e2f-4a0b-8be4-76934400ce4d}</UniqueIdentifier>
    </Filter>
    <Filter Include="src">
      <UniqueIdentifier>{68b7e3a1-cc70-4d90-9d52-b24f4e2a2269}</UniqueIdentifier>
    </Filter>
    <Filter Include="src\editor">
      <UniqueIdentifier>{f1d9fe0b-f04b-41e1-b2f8-95337eab36b1}</UniqueIdentifier>
    </Filter>
    <Filter Include="src\editor\panels">
      <UniqueIdentifier>{7f24c69c-1e6c-44c1-9812-fd7fa4c7d5aa}</UniqueIdentifier>
    </Filter>
  </ItemGroup>
  <ItemGroup>
    <ClCompile Include="$(SolutionDir)editor\src\editor\EditorConsole.cpp">
      <Filter>src\editor</Filter>
    </ClCompile>
    <ClCompile Include="$(SolutionDir)editor\src\editor\EditorCommand.cpp">
      <Filter>src\editor</Filter>
    </ClCompile>
    <ClCompile Include="$(SolutionDir)editor\src\editor\EditableObjectFactory.cpp">
      <Filter>src\editor</Filter>
    </ClCompile>
    <ClCompile Include="$(SolutionDir)editor\src\editor\EditorLayer.cpp">
      <Filter>src\editor</Filter>
    </ClCompile>
    <ClCompile Include="$(SolutionDir)editor\src\editor\panels\ConsolePanel.cpp">
      <Filter>src\editor\panels</Filter>
    </ClCompile>
    <ClCompile Include="$(SolutionDir)editor\src\editor\panels\HierarchyPanel.cpp">
      <Filter>src\editor\panels</Filter>
    </ClCompile>
    <ClCompile Include="$(SolutionDir)editor\src\editor\panels\InspectorPanel.cpp">
      <Filter>src\editor\panels</Filter>
    </ClCompile>
    <ClCompile Include="$(SolutionDir)editor\src\editor\panels\ViewportPanel.cpp">
      <Filter>src\editor\panels</Filter>
    </ClCompile>
  </ItemGroup>
  <ItemGroup>
    <ClInclude Include="$(SolutionDir)editor\include\editor\EditorConsole.h">
      <Filter>include\editor</Filter>
    </ClInclude>
    <ClInclude Include="$(SolutionDir)editor\include\editor\EditorCommand.h">
      <Filter>include\editor</Filter>
    </ClInclude>
    <ClInclude Include="$(SolutionDir)editor\include\editor\EditorContext.h">
      <Filter>include\editor</Filter>
    </ClInclude>
    <ClInclude Include="$(SolutionDir)editor\include\editor\EditorLayer.h">
      <Filter>include\editor</Filter>
    </ClInclude>
    <ClInclude Include="$(SolutionDir)editor\include\editor\EditableObjectFactory.h">
      <Filter>include\editor</Filter>
    </ClInclude>
    <ClInclude Include="$(SolutionDir)editor\include\editor\panels\ConsolePanel.h">
      <Filter>include\editor\panels</Filter>
    </ClInclude>
    <ClInclude Include="$(SolutionDir)editor\include\editor\panels\HierarchyPanel.h">
      <Filter>include\editor\panels</Filter>
    </ClInclude>
    <ClInclude Include="$(SolutionDir)editor\include\editor\panels\InspectorPanel.h">
      <Filter>include\editor\panels</Filter>
    </ClInclude>
    <ClInclude Include="$(SolutionDir)editor\include\editor\panels\ViewportPanel.h">
      <Filter>include\editor\panels</Filter>
    </ClInclude>
  </ItemGroup>
</Project>
