<?xml version="1.0" encoding="utf-8"?>
<Project ToolsVersion="4.0" xmlns="http://schemas.microsoft.com/developer/msbuild/2003">
  <ItemGroup>
    <ClCompile Include="src\scene\BattleCameraController.cpp" />
    <ClCompile Include="src\scene\BattleEffectDirector.cpp" />
    <ClCompile Include="src\scene\CombatSystem.cpp" />
    <ClCompile Include="src\scene\LightingController.cpp" />
    <ClCompile Include="src\enemy\EnemyMelee.cpp" />
    <ClCompile Include="src\enemy\EnemyRanged.cpp" />
    <ClCompile Include="src\enemy\EnemyWarp.cpp" />
    <ClCompile Include="src\enemy\EnemyCombat.cpp" />
    <ClCompile Include="src\enemy\EnemyCore.cpp" />
    <ClCompile Include="src\enemy\EnemyDecision.cpp" />
    <ClCompile Include="src\enemy\EnemyMovement.cpp" />
    <ClCompile Include="src\enemy\EnemyPresentation.cpp" />
    <ClCompile Include="src\enemy\EnemyAnimationController.cpp" />
    <ClCompile Include="src\enemy\EnemyTuning.cpp" />
    <ClCompile Include="src\enemy\EnemyTuningPresetIO.cpp" />
    <ClCompile Include="src\enemy\Bullet.cpp" />
    <ClCompile Include="src\player\Player.cpp" />
    <ClCompile Include="src\player\PlayerTuningPresetIO.cpp" />
    <ClCompile Include="src\player\Sword.cpp" />
    <ClCompile Include="src\player\SwordJoyConController.cpp" />
    <ClCompile Include="src\player\SwordMouseController.cpp" />
    <ClCompile Include="src\scene\GameScene.cpp" />
    <ClCompile Include="src\main.cpp" />
  </ItemGroup>
  <ItemGroup>
    <ClInclude Include="include\scene\BattleCameraController.h" />
    <ClInclude Include="include\scene\BattleEffectDirector.h" />
    <ClInclude Include="include\scene\CombatSystem.h" />
    <ClInclude Include="include\scene\LightingController.h" />
    <ClInclude Include="include\enemy\Bullet.h" />
    <ClInclude Include="include\enemy\Enemy.h" />
    <ClInclude Include="include\enemy\EnemyActionData.h" />
    <ClInclude Include="include\enemy\EnemyAnimationController.h" />
    <ClInclude Include="include\enemy\EnemyPresentation.h" />
    <ClInclude Include="include\enemy\EnemyTuningPreset.h" />
    <ClInclude Include="include\enemy\EnemyTuningPresetIO.h" />
    <ClInclude Include="include\enemy\WarpPostEffect.h" />
    <ClInclude Include="include\player\IInputController.h" />
    <ClInclude Include="include\player\Player.h" />
    <ClInclude Include="include\player\PlayerTuningPreset.h" />
    <ClInclude Include="include\player\PlayerTuningPresetIO.h" />
    <ClInclude Include="include\player\Sword.h" />
    <ClInclude Include="include\player\SwordControllerState.h" />
    <ClInclude Include="include\player\SwordJoyConController.h" />
    <ClInclude Include="include\player\SwordMouseController.h" />
    <ClInclude Include="include\player\SwordPose.h" />
    <ClInclude Include="include\scene\GameScene.h" />
  </ItemGroup>
</Project>
